
Microsoft Visual Studio Solution File, Format Version 12.00
# Visual Studio Version 17
VisualStudioVersion = 17.11.35219.272
MinimumVisualStudioVersion = 10.0.40219.1
Project("{FAE04EC0-301F-11D3-BF4B-00C04F79EFBC}") = "Uppgift1.3", "Uppgift1.3\Uppgift1.3.csproj", "{2B544656-A4DD-4327-8974-4F34DD854F9B}"
EndProject
Global
	GlobalSection(SolutionConfigurationPlatforms) = preSolution
		Debug|Any CPU = Debug|Any CPU
		Release|Any CPU = Release|Any CPU
	EndGlobalSection
	GlobalSection(ProjectConfigurationPlatforms) = postSolution
		{2B544656-A4DD-4327-8974-4F34DD854F9B}.Debug|Any CPU.ActiveCfg = Debug|Any CPU
		{2B544656-A4DD-4327-8974-4F34DD854F9B}.Debug|Any CPU.Build.0 = Debug|Any CPU
		{2B544656-A4DD-4327-8974-4F34DD854F9B}.Release|Any CPU.ActiveCfg = Release|Any CPU
		{2B544656-A4DD-4327-8974-4F34DD854F9B}.Release|Any CPU.Build.0 = Release|Any CPU
	EndGlobalSection
	GlobalSection(SolutionProperties) = preSolution
		HideSolutionNode = FALSE
	EndGlobalSection
	GlobalSection(ExtensibilityGlobals) = postSolution
		SolutionGuid = {EFDD9AF4-5499-4F04-891F-61093E59ECBE}
	EndGlobalSection
EndGlobal
